{
  "version": "4",
  "redirects": {
    "https://unpkg.com/@babycommando/entity-db?module": "https://unpkg.com/@babycommando/entity-db@1.0.9?module"
  },
  "remote": {
    "https://deno.land/std@0.202.0/async/delay.ts": "a6142eb44cdd856b645086af2b811b1fcce08ec06bb7d50969e6a872ee9b8659",
    "https://deno.land/std@0.202.0/http/server.ts": "1b2403b3c544c0624ad23e8ca4e05877e65380d9e0d75d04957432d65c3d5f41",
    "https://deno.land/std@0.202.0/media_types/_db.ts": "7606d83e31f23ce1a7968cbaee852810c2cf477903a095696cdc62eaab7ce570",
    "https://deno.land/std@0.202.0/media_types/_util.ts": "0879b04cc810ff18d3dcd97d361e03c9dfb29f67d7fc4a9c6c9d387282ef5fe8",
    "https://deno.land/std@0.202.0/media_types/content_type.ts": "ad98a5aa2d95f5965b2796072284258710a25e520952376ed432b0937ce743bc",
    "https://deno.land/std@0.202.0/media_types/extension.ts": "a7cd28c9417143387cdfed27d4e8607ebcf5b1ec27eb8473d5b000144689fe65",
    "https://deno.land/std@0.202.0/media_types/extensions_by_type.ts": "43806d6a52a0d6d965ada9d20e60a982feb40bc7a82268178d94edb764694fed",
    "https://deno.land/std@0.202.0/media_types/format_media_type.ts": "f5e1073c05526a6f5a516ac5c5587a1abd043bf1039c71cde1166aa4328c8baf",
    "https://deno.land/std@0.202.0/media_types/get_charset.ts": "18b88274796fda5d353806bf409eb1d2ddb3f004eb4bd311662c4cdd8ac173db",
    "https://deno.land/std@0.202.0/media_types/mod.ts": "d3f0b99f85053bc0b98ecc24eaa3546dfa09b856dc0bbaf60d8956d2cdd710c8",
    "https://deno.land/std@0.202.0/media_types/parse_media_type.ts": "31ccf2388ffab31b49500bb89fa0f5de189c8897e2ee6c9954f207637d488211",
    "https://deno.land/std@0.202.0/media_types/type_by_extension.ts": "8c210d4e28ea426414dd8c61146eefbcc7e091a89ccde54bbbe883a154856afd",
    "https://deno.land/std@0.202.0/media_types/vendor/mime-db.v1.52.0.ts": "6925bbcae81ca37241e3f55908d0505724358cda3384eaea707773b2c7e99586",
    "https://deno.land/std@0.220.1/async/delay.ts": "8e1d18fe8b28ff95885e2bc54eccec1713f57f756053576d8228e6ca110793ad",
    "https://deno.land/std@0.220.1/http/server.ts": "cc8ae0de927c3afc855466b89bf9a7a3196223f47f2723e218912c6ca3eb166c"
  },
  "workspace": {
    "dependencies": [
      "jsr:@std/assert@1"
    ]
  }
}
